
Microsoft Visual Studio Solution File, Format Version 12.00
# Visual Studio Express 2012 for Windows Desktop
Project("{FAE04EC0-301F-11D3-BF4B-00C04F79EFBC}") = "StarBuzzCoffee", "CSDesignPatterns\StarBuzzCoffee.csproj", "{D846CAED-2497-416A-B79C-EE38641A8F40}"
EndProject
Project("{FAE04EC0-301F-11D3-BF4B-00C04F79EFBC}") = "Org.Bytescale.Patterns", "Org.Bytescale.Patterns\Org.Bytescale.Patterns.csproj", "{59CB3974-DFB1-4C7C-8368-263B99260D4E}"
EndProject
Project("{FAE04EC0-301F-11D3-BF4B-00C04F79EFBC}") = "WeatherStation", "WeatherStation\WeatherStation.csproj", "{4E532F79-7BC4-4BD8-A175-465AF3831A6B}"
EndProject
Global
	GlobalSection(SolutionConfigurationPlatforms) = preSolution
		Debug|Any CPU = Debug|Any CPU
		Release|Any CPU = Release|Any CPU
	EndGlobalSection
	GlobalSection(ProjectConfigurationPlatforms) = postSolution
		{D846CAED-2497-416A-B79C-EE38641A8F40}.Debug|Any CPU.ActiveCfg = Debug|Any CPU
		{D846CAED-2497-416A-B79C-EE38641A8F40}.Debug|Any CPU.Build.0 = Debug|Any CPU
		{D846CAED-2497-416A-B79C-EE38641A8F40}.Release|Any CPU.ActiveCfg = Release|Any CPU
		{D846CAED-2497-416A-B79C-EE38641A8F40}.Release|Any CPU.Build.0 = Release|Any CPU
		{59CB3974-DFB1-4C7C-8368-263B99260D4E}.Debug|Any CPU.ActiveCfg = Debug|Any CPU
		{59CB3974-DFB1-4C7C-8368-263B99260D4E}.Debug|Any CPU.Build.0 = Debug|Any CPU
		{59CB3974-DFB1-4C7C-8368-263B99260D4E}.Release|Any CPU.ActiveCfg = Release|Any CPU
		{59CB3974-DFB1-4C7C-8368-263B99260D4E}.Release|Any CPU.Build.0 = Release|Any CPU
		{4E532F79-7BC4-4BD8-A175-465AF3831A6B}.Debug|Any CPU.ActiveCfg = Debug|Any CPU
		{4E532F79-7BC4-4BD8-A175-465AF3831A6B}.Debug|Any CPU.Build.0 = Debug|Any CPU
		{4E532F79-7BC4-4BD8-A175-465AF3831A6B}.Release|Any CPU.ActiveCfg = Release|Any CPU
		{4E532F79-7BC4-4BD8-A175-465AF3831A6B}.Release|Any CPU.Build.0 = Release|Any CPU
	EndGlobalSection
	GlobalSection(SolutionProperties) = preSolution
		HideSolutionNode = FALSE
	EndGlobalSection
EndGlobal
